
Microsoft Visual Studio Solution File, Format Version 12.00
# Visual Studio 2012
Project("{FAE04EC0-301F-11D3-BF4B-00C04F79EFBC}") = "WeatherPrism", "WeatherPrism\WeatherPrism.csproj", "{F3EE6BDE-323D-4C20-B41A-FFDF1BD64B39}"
EndProject
Project("{FAE04EC0-301F-11D3-BF4B-00C04F79EFBC}") = "WeatherPrism.iOS", "iOS\WeatherPrism.iOS.csproj", "{392E5A50-DEF1-405B-AD7B-EF95AFBCF851}"
EndProject
Project("{FAE04EC0-301F-11D3-BF4B-00C04F79EFBC}") = "WeatherPrism.Droid", "Droid\WeatherPrism.Droid.csproj", "{B8725A35-A0CF-4316-8F27-DBCAAB40EE6F}"
EndProject
Global
	GlobalSection(SolutionConfigurationPlatforms) = preSolution
		Debug|Any CPU = Debug|Any CPU
		Release|Any CPU = Release|Any CPU
		Debug|iPhoneSimulator = Debug|iPhoneSimulator
		Release|iPhone = Release|iPhone
		Release|iPhoneSimulator = Release|iPhoneSimulator
		Debug|iPhone = Debug|iPhone
	EndGlobalSection
	GlobalSection(ProjectConfigurationPlatforms) = postSolution
		{F3EE6BDE-323D-4C20-B41A-FFDF1BD64B39}.Debug|Any CPU.ActiveCfg = Debug|Any CPU
		{F3EE6BDE-323D-4C20-B41A-FFDF1BD64B39}.Debug|Any CPU.Build.0 = Debug|Any CPU
		{F3EE6BDE-323D-4C20-B41A-FFDF1BD64B39}.Release|Any CPU.ActiveCfg = Release|Any CPU
		{F3EE6BDE-323D-4C20-B41A-FFDF1BD64B39}.Release|Any CPU.Build.0 = Release|Any CPU
		{F3EE6BDE-323D-4C20-B41A-FFDF1BD64B39}.Debug|iPhoneSimulator.ActiveCfg = Debug|Any CPU
		{F3EE6BDE-323D-4C20-B41A-FFDF1BD64B39}.Debug|iPhoneSimulator.Build.0 = Debug|Any CPU
		{F3EE6BDE-323D-4C20-B41A-FFDF1BD64B39}.Release|iPhone.ActiveCfg = Release|Any CPU
		{F3EE6BDE-323D-4C20-B41A-FFDF1BD64B39}.Release|iPhone.Build.0 = Release|Any CPU
		{F3EE6BDE-323D-4C20-B41A-FFDF1BD64B39}.Release|iPhoneSimulator.ActiveCfg = Release|Any CPU
		{F3EE6BDE-323D-4C20-B41A-FFDF1BD64B39}.Release|iPhoneSimulator.Build.0 = Release|Any CPU
		{F3EE6BDE-323D-4C20-B41A-FFDF1BD64B39}.Debug|iPhone.ActiveCfg = Debug|Any CPU
		{F3EE6BDE-323D-4C20-B41A-FFDF1BD64B39}.Debug|iPhone.Build.0 = Debug|Any CPU
		{392E5A50-DEF1-405B-AD7B-EF95AFBCF851}.Debug|Any CPU.ActiveCfg = Debug|iPhoneSimulator
		{392E5A50-DEF1-405B-AD7B-EF95AFBCF851}.Debug|Any CPU.Build.0 = Debug|iPhoneSimulator
		{392E5A50-DEF1-405B-AD7B-EF95AFBCF851}.Release|Any CPU.ActiveCfg = Release|iPhone
		{392E5A50-DEF1-405B-AD7B-EF95AFBCF851}.Release|Any CPU.Build.0 = Release|iPhone
		{392E5A50-DEF1-405B-AD7B-EF95AFBCF851}.Debug|iPhoneSimulator.ActiveCfg = Debug|iPhoneSimulator
		{392E5A50-DEF1-405B-AD7B-EF95AFBCF851}.Debug|iPhoneSimulator.Build.0 = Debug|iPhoneSimulator
		{392E5A50-DEF1-405B-AD7B-EF95AFBCF851}.Release|iPhone.ActiveCfg = Release|iPhone
		{392E5A50-DEF1-405B-AD7B-EF95AFBCF851}.Release|iPhone.Build.0 = Release|iPhone
		{392E5A50-DEF1-405B-AD7B-EF95AFBCF851}.Release|iPhoneSimulator.ActiveCfg = Release|iPhoneSimulator
		{392E5A50-DEF1-405B-AD7B-EF95AFBCF851}.Release|iPhoneSimulator.Build.0 = Release|iPhoneSimulator
		{392E5A50-DEF1-405B-AD7B-EF95AFBCF851}.Debug|iPhone.ActiveCfg = Debug|iPhone
		{392E5A50-DEF1-405B-AD7B-EF95AFBCF851}.Debug|iPhone.Build.0 = Debug|iPhone
		{B8725A35-A0CF-4316-8F27-DBCAAB40EE6F}.Debug|Any CPU.ActiveCfg = Debug|Any CPU
		{B8725A35-A0CF-4316-8F27-DBCAAB40EE6F}.Debug|Any CPU.Build.0 = Debug|Any CPU
		{B8725A35-A0CF-4316-8F27-DBCAAB40EE6F}.Release|Any CPU.ActiveCfg = Release|Any CPU
		{B8725A35-A0CF-4316-8F27-DBCAAB40EE6F}.Release|Any CPU.Build.0 = Release|Any CPU
		{B8725A35-A0CF-4316-8F27-DBCAAB40EE6F}.Debug|iPhoneSimulator.ActiveCfg = Debug|Any CPU
		{B8725A35-A0CF-4316-8F27-DBCAAB40EE6F}.Debug|iPhoneSimulator.Build.0 = Debug|Any CPU
		{B8725A35-A0CF-4316-8F27-DBCAAB40EE6F}.Release|iPhone.ActiveCfg = Release|Any CPU
		{B8725A35-A0CF-4316-8F27-DBCAAB40EE6F}.Release|iPhone.Build.0 = Release|Any CPU
		{B8725A35-A0CF-4316-8F27-DBCAAB40EE6F}.Release|iPhoneSimulator.ActiveCfg = Release|Any CPU
		{B8725A35-A0CF-4316-8F27-DBCAAB40EE6F}.Release|iPhoneSimulator.Build.0 = Release|Any CPU
		{B8725A35-A0CF-4316-8F27-DBCAAB40EE6F}.Debug|iPhone.ActiveCfg = Debug|Any CPU
		{B8725A35-A0CF-4316-8F27-DBCAAB40EE6F}.Debug|iPhone.Build.0 = Debug|Any CPU
	EndGlobalSection
EndGlobal
